
Microsoft Visual Studio Solution File, Format Version 12.00
# Visual Studio Version 17
VisualStudioVersion = 17.0.31903.59
MinimumVisualStudioVersion = 10.0.40219.1
Project("{2150E333-8FDC-42A3-9474-1A3956D46DE8}") = "benchmarks", "benchmarks", "{66320409-64EC-F7C5-3DEF-65E7510DAAD1}"
EndProject
Project("{FAE04EC0-301F-11D3-BF4B-00C04F79EFBC}") = "ArxisStudio.Markup.Benchmarks", "benchmarks\ArxisStudio.Markup.Benchmarks\ArxisStudio.Markup.Benchmarks.csproj", "{6599E35F-D9F7-42D6-BB99-0D1087F21692}"
EndProject
Project("{2150E333-8FDC-42A3-9474-1A3956D46DE8}") = "src", "src", "{827E0CD3-B72D-47B6-A68D-7590B98EB39B}"
EndProject
Project("{FAE04EC0-301F-11D3-BF4B-00C04F79EFBC}") = "ArxisStudio.Markup.Xaml", "src\ArxisStudio.Markup.Xaml\ArxisStudio.Markup.Xaml.csproj", "{78BEF40E-EB19-4DB4-BBC0-A84B8C67FCD3}"
EndProject
Project("{FAE04EC0-301F-11D3-BF4B-00C04F79EFBC}") = "ArxisStudio.Markup", "src\ArxisStudio.Markup\ArxisStudio.Markup.csproj", "{B259DF6B-0122-47F2-9608-58DAF5137C9D}"
EndProject
Project("{FAE04EC0-301F-11D3-BF4B-00C04F79EFBC}") = "ArxisStudio.Markup.Xaml.Loader", "src\ArxisStudio.Markup.Xaml.Loader\ArxisStudio.Markup.Xaml.Loader.csproj", "{107FF370-3A9D-4029-84B2-CF77C744DBEF}"
EndProject
Project("{2150E333-8FDC-42A3-9474-1A3956D46DE8}") = "tests", "tests", "{0AB3BF05-4346-4AA6-1389-037BE0695223}"
EndProject
Project("{FAE04EC0-301F-11D3-BF4B-00C04F79EFBC}") = "ArxisStudio.Markup.Xaml.Loader.Tests", "tests\ArxisStudio.Markup.Xaml.Loader.Tests\ArxisStudio.Markup.Xaml.Loader.Tests.csproj", "{C6EBF21A-F9F2-4921-BB51-4722F12C5679}"
EndProject
Project("{FAE04EC0-301F-11D3-BF4B-00C04F79EFBC}") = "ArxisStudio.Markup.Xaml.Tests", "tests\ArxisStudio.Markup.Xaml.Tests\ArxisStudio.Markup.Xaml.Tests.csproj", "{75660EAA-5715-489D-904C-0F08B102BA20}"
EndProject
Project("{FAE04EC0-301F-11D3-BF4B-00C04F79EFBC}") = "ArxisStudio.Markup.Tests", "tests\ArxisStudio.Markup.Tests\ArxisStudio.Markup.Tests.csproj", "{ACDEE031-DBC1-4804-A417-CDC996197C5D}"
EndProject
Project("{FAE04EC0-301F-11D3-BF4B-00C04F79EFBC}") = "ArxisStudio.Markup.Architecture.Tests", "tests\ArxisStudio.Markup.Architecture.Tests\ArxisStudio.Markup.Architecture.Tests.csproj", "{2B0B9D5C-6B45-4685-9DEE-2FDED69950F4}"
EndProject
Project("{2150E333-8FDC-42A3-9474-1A3956D46DE8}") = "samples", "samples", "{5D20AA90-6969-D8BD-9DCD-8634F4692FDA}"
EndProject
Project("{FAE04EC0-301F-11D3-BF4B-00C04F79EFBC}") = "ArxisStudio.Markup.Xaml.Loader.Sample", "samples\ArxisStudio.Markup.Xaml.Loader.Sample\ArxisStudio.Markup.Xaml.Loader.Sample.csproj", "{9B1D59DB-5F03-4CD3-925C-F088D8E2D0BC}"
EndProject
Project("{FAE04EC0-301F-11D3-BF4B-00C04F79EFBC}") = "ArxisStudio.Markup.Xaml.Loader.TestControls", "tests\ArxisStudio.Markup.Xaml.Loader.TestControls\ArxisStudio.Markup.Xaml.Loader.TestControls.csproj", "{68D96BC8-B9BC-4C3F-8A56-AAA372515421}"
EndProject
Project("{FAE04EC0-301F-11D3-BF4B-00C04F79EFBC}") = "ArxisStudio.Markup.Xaml.Design", "src\ArxisStudio.Markup.Xaml.Design\ArxisStudio.Markup.Xaml.Design.csproj", "{888D1BAD-6A01-4088-A8D2-4B389C96F3C0}"
EndProject
Project("{FAE04EC0-301F-11D3-BF4B-00C04F79EFBC}") = "ArxisStudio.Markup.Xaml.Design.Tests", "tests\ArxisStudio.Markup.Xaml.Design.Tests\ArxisStudio.Markup.Xaml.Design.Tests.csproj", "{FC2EC9FB-6E83-4CFE-844F-D177656F4F42}"
EndProject
Global
	GlobalSection(SolutionConfigurationPlatforms) = preSolution
		Debug|Any CPU = Debug|Any CPU
		Debug|x64 = Debug|x64
		Debug|x86 = Debug|x86
		Release|Any CPU = Release|Any CPU
		Release|x64 = Release|x64
		Release|x86 = Release|x86
	EndGlobalSection
	GlobalSection(ProjectConfigurationPlatforms) = postSolution
		{6599E35F-D9F7-42D6-BB99-0D1087F21692}.Debug|Any CPU.ActiveCfg = Debug|Any CPU
		{6599E35F-D9F7-42D6-BB99-0D1087F21692}.Debug|Any CPU.Build.0 = Debug|Any CPU
		{6599E35F-D9F7-42D6-BB99-0D1087F21692}.Debug|x64.ActiveCfg = Debug|Any CPU
		{6599E35F-D9F7-42D6-BB99-0D1087F21692}.Debug|x64.Build.0 = Debug|Any CPU
		{6599E35F-D9F7-42D6-BB99-0D1087F21692}.Debug|x86.ActiveCfg = Debug|Any CPU
		{6599E35F-D9F7-42D6-BB99-0D1087F21692}.Debug|x86.Build.0 = Debug|Any CPU
		{6599E35F-D9F7-42D6-BB99-0D1087F21692}.Release|Any CPU.ActiveCfg = Release|Any CPU
		{6599E35F-D9F7-42D6-BB99-0D1087F21692}.Release|Any CPU.Build.0 = Release|Any CPU
		{6599E35F-D9F7-42D6-BB99-0D1087F21692}.Release|x64.ActiveCfg = Release|Any CPU
		{6599E35F-D9F7-42D6-BB99-0D1087F21692}.Release|x64.Build.0 = Release|Any CPU
		{6599E35F-D9F7-42D6-BB99-0D1087F21692}.Release|x86.ActiveCfg = Release|Any CPU
		{6599E35F-D9F7-42D6-BB99-0D1087F21692}.Release|x86.Build.0 = Release|Any CPU
		{78BEF40E-EB19-4DB4-BBC0-A84B8C67FCD3}.Debug|Any CPU.ActiveCfg = Debug|Any CPU
		{78BEF40E-EB19-4DB4-BBC0-A84B8C67FCD3}.Debug|Any CPU.Build.0 = Debug|Any CPU
		{78BEF40E-EB19-4DB4-BBC0-A84B8C67FCD3}.Debug|x64.ActiveCfg = Debug|Any CPU
		{78BEF40E-EB19-4DB4-BBC0-A84B8C67FCD3}.Debug|x64.Build.0 = Debug|Any CPU
		{78BEF40E-EB19-4DB4-BBC0-A84B8C67FCD3}.Debug|x86.ActiveCfg = Debug|Any CPU
		{78BEF40E-EB19-4DB4-BBC0-A84B8C67FCD3}.Debug|x86.Build.0 = Debug|Any CPU
		{78BEF40E-EB19-4DB4-BBC0-A84B8C67FCD3}.Release|Any CPU.ActiveCfg = Release|Any CPU
		{78BEF40E-EB19-4DB4-BBC0-A84B8C67FCD3}.Release|Any CPU.Build.0 = Release|Any CPU
		{78BEF40E-EB19-4DB4-BBC0-A84B8C67FCD3}.Release|x64.ActiveCfg = Release|Any CPU
		{78BEF40E-EB19-4DB4-BBC0-A84B8C67FCD3}.Release|x64.Build.0 = Release|Any CPU
		{78BEF40E-EB19-4DB4-BBC0-A84B8C67FCD3}.Release|x86.ActiveCfg = Release|Any CPU
		{78BEF40E-EB19-4DB4-BBC0-A84B8C67FCD3}.Release|x86.Build.0 = Release|Any CPU
		{B259DF6B-0122-47F2-9608-58DAF5137C9D}.Debug|Any CPU.ActiveCfg = Debug|Any CPU
		{B259DF6B-0122-47F2-9608-58DAF5137C9D}.Debug|Any CPU.Build.0 = Debug|Any CPU
		{B259DF6B-0122-47F2-9608-58DAF5137C9D}.Debug|x64.ActiveCfg = Debug|Any CPU
		{B259DF6B-0122-47F2-9608-58DAF5137C9D}.Debug|x64.Build.0 = Debug|Any CPU
		{B259DF6B-0122-47F2-9608-58DAF5137C9D}.Debug|x86.ActiveCfg = Debug|Any CPU
		{B259DF6B-0122-47F2-9608-58DAF5137C9D}.Debug|x86.Build.0 = Debug|Any CPU
		{B259DF6B-0122-47F2-9608-58DAF5137C9D}.Release|Any CPU.ActiveCfg = Release|Any CPU
		{B259DF6B-0122-47F2-9608-58DAF5137C9D}.Release|Any CPU.Build.0 = Release|Any CPU
		{B259DF6B-0122-47F2-9608-58DAF5137C9D}.Release|x64.ActiveCfg = Release|Any CPU
		{B259DF6B-0122-47F2-9608-58DAF5137C9D}.Release|x64.Build.0 = Release|Any CPU
		{B259DF6B-0122-47F2-9608-58DAF5137C9D}.Release|x86.ActiveCfg = Release|Any CPU
		{B259DF6B-0122-47F2-9608-58DAF5137C9D}.Release|x86.Build.0 = Release|Any CPU
		{107FF370-3A9D-4029-84B2-CF77C744DBEF}.Debug|Any CPU.ActiveCfg = Debug|Any CPU
		{107FF370-3A9D-4029-84B2-CF77C744DBEF}.Debug|Any CPU.Build.0 = Debug|Any CPU
		{107FF370-3A9D-4029-84B2-CF77C744DBEF}.Debug|x64.ActiveCfg = Debug|Any CPU
		{107FF370-3A9D-4029-84B2-CF77C744DBEF}.Debug|x64.Build.0 = Debug|Any CPU
		{107FF370-3A9D-4029-84B2-CF77C744DBEF}.Debug|x86.ActiveCfg = Debug|Any CPU
		{107FF370-3A9D-4029-84B2-CF77C744DBEF}.Debug|x86.Build.0 = Debug|Any CPU
		{107FF370-3A9D-4029-84B2-CF77C744DBEF}.Release|Any CPU.ActiveCfg = Release|Any CPU
		{107FF370-3A9D-4029-84B2-CF77C744DBEF}.Release|Any CPU.Build.0 = Release|Any CPU
		{107FF370-3A9D-4029-84B2-CF77C744DBEF}.Release|x64.ActiveCfg = Release|Any CPU
		{107FF370-3A9D-4029-84B2-CF77C744DBEF}.Release|x64.Build.0 = Release|Any CPU
		{107FF370-3A9D-4029-84B2-CF77C744DBEF}.Release|x86.ActiveCfg = Release|Any CPU
		{107FF370-3A9D-4029-84B2-CF77C744DBEF}.Release|x86.Build.0 = Release|Any CPU
		{C6EBF21A-F9F2-4921-BB51-4722F12C5679}.Debug|Any CPU.ActiveCfg = Debug|Any CPU
		{C6EBF21A-F9F2-4921-BB51-4722F12C5679}.Debug|Any CPU.Build.0 = Debug|Any CPU
		{C6EBF21A-F9F2-4921-BB51-4722F12C5679}.Debug|x64.ActiveCfg = Debug|Any CPU
		{C6EBF21A-F9F2-4921-BB51-4722F12C5679}.Debug|x64.Build.0 = Debug|Any CPU
		{C6EBF21A-F9F2-4921-BB51-4722F12C5679}.Debug|x86.ActiveCfg = Debug|Any CPU
		{C6EBF21A-F9F2-4921-BB51-4722F12C5679}.Debug|x86.Build.0 = Debug|Any CPU
		{C6EBF21A-F9F2-4921-BB51-4722F12C5679}.Release|Any CPU.ActiveCfg = Release|Any CPU
		{C6EBF21A-F9F2-4921-BB51-4722F12C5679}.Release|Any CPU.Build.0 = Release|Any CPU
		{C6EBF21A-F9F2-4921-BB51-4722F12C5679}.Release|x64.ActiveCfg = Release|Any CPU
		{C6EBF21A-F9F2-4921-BB51-4722F12C5679}.Release|x64.Build.0 = Release|Any CPU
		{C6EBF21A-F9F2-4921-BB51-4722F12C5679}.Release|x86.ActiveCfg = Release|Any CPU
		{C6EBF21A-F9F2-4921-BB51-4722F12C5679}.Release|x86.Build.0 = Release|Any CPU
		{75660EAA-5715-489D-904C-0F08B102BA20}.Debug|Any CPU.ActiveCfg = Debug|Any CPU
		{75660EAA-5715-489D-904C-0F08B102BA20}.Debug|Any CPU.Build.0 = Debug|Any CPU
		{75660EAA-5715-489D-904C-0F08B102BA20}.Debug|x64.ActiveCfg = Debug|Any CPU
		{75660EAA-5715-489D-904C-0F08B102BA20}.Debug|x64.Build.0 = Debug|Any CPU
		{75660EAA-5715-489D-904C-0F08B102BA20}.Debug|x86.ActiveCfg = Debug|Any CPU
		{75660EAA-5715-489D-904C-0F08B102BA20}.Debug|x86.Build.0 = Debug|Any CPU
		{75660EAA-5715-489D-904C-0F08B102BA20}.Release|Any CPU.ActiveCfg = Release|Any CPU
		{75660EAA-5715-489D-904C-0F08B102BA20}.Release|Any CPU.Build.0 = Release|Any CPU
		{75660EAA-5715-489D-904C-0F08B102BA20}.Release|x64.ActiveCfg = Release|Any CPU
		{75660EAA-5715-489D-904C-0F08B102BA20}.Release|x64.Build.0 = Release|Any CPU
		{75660EAA-5715-489D-904C-0F08B102BA20}.Release|x86.ActiveCfg = Release|Any CPU
		{75660EAA-5715-489D-904C-0F08B102BA20}.Release|x86.Build.0 = Release|Any CPU
		{ACDEE031-DBC1-4804-A417-CDC996197C5D}.Debug|Any CPU.ActiveCfg = Debug|Any CPU
		{ACDEE031-DBC1-4804-A417-CDC996197C5D}.Debug|Any CPU.Build.0 = Debug|Any CPU
		{ACDEE031-DBC1-4804-A417-CDC996197C5D}.Debug|x64.ActiveCfg = Debug|Any CPU
		{ACDEE031-DBC1-4804-A417-CDC996197C5D}.Debug|x64.Build.0 = Debug|Any CPU
		{ACDEE031-DBC1-4804-A417-CDC996197C5D}.Debug|x86.ActiveCfg = Debug|Any CPU
		{ACDEE031-DBC1-4804-A417-CDC996197C5D}.Debug|x86.Build.0 = Debug|Any CPU
		{ACDEE031-DBC1-4804-A417-CDC996197C5D}.Release|Any CPU.ActiveCfg = Release|Any CPU
		{ACDEE031-DBC1-4804-A417-CDC996197C5D}.Release|Any CPU.Build.0 = Release|Any CPU
		{ACDEE031-DBC1-4804-A417-CDC996197C5D}.Release|x64.ActiveCfg = Release|Any CPU
		{ACDEE031-DBC1-4804-A417-CDC996197C5D}.Release|x64.Build.0 = Release|Any CPU
		{ACDEE031-DBC1-4804-A417-CDC996197C5D}.Release|x86.ActiveCfg = Release|Any CPU
		{ACDEE031-DBC1-4804-A417-CDC996197C5D}.Release|x86.Build.0 = Release|Any CPU
		{2B0B9D5C-6B45-4685-9DEE-2FDED69950F4}.Debug|Any CPU.ActiveCfg = Debug|Any CPU
		{2B0B9D5C-6B45-4685-9DEE-2FDED69950F4}.Debug|Any CPU.Build.0 = Debug|Any CPU
		{2B0B9D5C-6B45-4685-9DEE-2FDED69950F4}.Debug|x64.ActiveCfg = Debug|Any CPU
		{2B0B9D5C-6B45-4685-9DEE-2FDED69950F4}.Debug|x64.Build.0 = Debug|Any CPU
		{2B0B9D5C-6B45-4685-9DEE-2FDED69950F4}.Debug|x86.ActiveCfg = Debug|Any CPU
		{2B0B9D5C-6B45-4685-9DEE-2FDED69950F4}.Debug|x86.Build.0 = Debug|Any CPU
		{2B0B9D5C-6B45-4685-9DEE-2FDED69950F4}.Release|Any CPU.ActiveCfg = Release|Any CPU
		{2B0B9D5C-6B45-4685-9DEE-2FDED69950F4}.Release|Any CPU.Build.0 = Release|Any CPU
		{2B0B9D5C-6B45-4685-9DEE-2FDED69950F4}.Release|x64.ActiveCfg = Release|Any CPU
		{2B0B9D5C-6B45-4685-9DEE-2FDED69950F4}.Release|x64.Build.0 = Release|Any CPU
		{2B0B9D5C-6B45-4685-9DEE-2FDED69950F4}.Release|x86.ActiveCfg = Release|Any CPU
		{2B0B9D5C-6B45-4685-9DEE-2FDED69950F4}.Release|x86.Build.0 = Release|Any CPU
		{9B1D59DB-5F03-4CD3-925C-F088D8E2D0BC}.Debug|Any CPU.ActiveCfg = Debug|Any CPU
		{9B1D59DB-5F03-4CD3-925C-F088D8E2D0BC}.Debug|Any CPU.Build.0 = Debug|Any CPU
		{9B1D59DB-5F03-4CD3-925C-F088D8E2D0BC}.Debug|x64.ActiveCfg = Debug|Any CPU
		{9B1D59DB-5F03-4CD3-925C-F088D8E2D0BC}.Debug|x64.Build.0 = Debug|Any CPU
		{9B1D59DB-5F03-4CD3-925C-F088D8E2D0BC}.Debug|x86.ActiveCfg = Debug|Any CPU
		{9B1D59DB-5F03-4CD3-925C-F088D8E2D0BC}.Debug|x86.Build.0 = Debug|Any CPU
		{9B1D59DB-5F03-4CD3-925C-F088D8E2D0BC}.Release|Any CPU.ActiveCfg = Release|Any CPU
		{9B1D59DB-5F03-4CD3-925C-F088D8E2D0BC}.Release|Any CPU.Build.0 = Release|Any CPU
		{9B1D59DB-5F03-4CD3-925C-F088D8E2D0BC}.Release|x64.ActiveCfg = Release|Any CPU
		{9B1D59DB-5F03-4CD3-925C-F088D8E2D0BC}.Release|x64.Build.0 = Release|Any CPU
		{9B1D59DB-5F03-4CD3-925C-F088D8E2D0BC}.Release|x86.ActiveCfg = Release|Any CPU
		{9B1D59DB-5F03-4CD3-925C-F088D8E2D0BC}.Release|x86.Build.0 = Release|Any CPU
		{68D96BC8-B9BC-4C3F-8A56-AAA372515421}.Debug|Any CPU.ActiveCfg = Debug|Any CPU
		{68D96BC8-B9BC-4C3F-8A56-AAA372515421}.Debug|Any CPU.Build.0 = Debug|Any CPU
		{68D96BC8-B9BC-4C3F-8A56-AAA372515421}.Debug|x64.ActiveCfg = Debug|Any CPU
		{68D96BC8-B9BC-4C3F-8A56-AAA372515421}.Debug|x64.Build.0 = Debug|Any CPU
		{68D96BC8-B9BC-4C3F-8A56-AAA372515421}.Debug|x86.ActiveCfg = Debug|Any CPU
		{68D96BC8-B9BC-4C3F-8A56-AAA372515421}.Debug|x86.Build.0 = Debug|Any CPU
		{68D96BC8-B9BC-4C3F-8A56-AAA372515421}.Release|Any CPU.ActiveCfg = Release|Any CPU
		{68D96BC8-B9BC-4C3F-8A56-AAA372515421}.Release|Any CPU.Build.0 = Release|Any CPU
		{68D96BC8-B9BC-4C3F-8A56-AAA372515421}.Release|x64.ActiveCfg = Release|Any CPU
		{68D96BC8-B9BC-4C3F-8A56-AAA372515421}.Release|x64.Build.0 = Release|Any CPU
		{68D96BC8-B9BC-4C3F-8A56-AAA372515421}.Release|x86.ActiveCfg = Release|Any CPU
		{68D96BC8-B9BC-4C3F-8A56-AAA372515421}.Release|x86.Build.0 = Release|Any CPU
		{888D1BAD-6A01-4088-A8D2-4B389C96F3C0}.Debug|Any CPU.ActiveCfg = Debug|Any CPU
		{888D1BAD-6A01-4088-A8D2-4B389C96F3C0}.Debug|Any CPU.Build.0 = Debug|Any CPU
		{888D1BAD-6A01-4088-A8D2-4B389C96F3C0}.Debug|x64.ActiveCfg = Debug|Any CPU
		{888D1BAD-6A01-4088-A8D2-4B389C96F3C0}.Debug|x64.Build.0 = Debug|Any CPU
		{888D1BAD-6A01-4088-A8D2-4B389C96F3C0}.Debug|x86.ActiveCfg = Debug|Any CPU
		{888D1BAD-6A01-4088-A8D2-4B389C96F3C0}.Debug|x86.Build.0 = Debug|Any CPU
		{888D1BAD-6A01-4088-A8D2-4B389C96F3C0}.Release|Any CPU.ActiveCfg = Release|Any CPU
		{888D1BAD-6A01-4088-A8D2-4B389C96F3C0}.Release|Any CPU.Build.0 = Release|Any CPU
		{888D1BAD-6A01-4088-A8D2-4B389C96F3C0}.Release|x64.ActiveCfg = Release|Any CPU
		{888D1BAD-6A01-4088-A8D2-4B389C96F3C0}.Release|x64.Build.0 = Release|Any CPU
		{888D1BAD-6A01-4088-A8D2-4B389C96F3C0}.Release|x86.ActiveCfg = Release|Any CPU
		{888D1BAD-6A01-4088-A8D2-4B389C96F3C0}.Release|x86.Build.0 = Release|Any CPU
		{FC2EC9FB-6E83-4CFE-844F-D177656F4F42}.Debug|Any CPU.ActiveCfg = Debug|Any CPU
		{FC2EC9FB-6E83-4CFE-844F-D177656F4F42}.Debug|Any CPU.Build.0 = Debug|Any CPU
		{FC2EC9FB-6E83-4CFE-844F-D177656F4F42}.Debug|x64.ActiveCfg = Debug|Any CPU
		{FC2EC9FB-6E83-4CFE-844F-D177656F4F42}.Debug|x64.Build.0 = Debug|Any CPU
		{FC2EC9FB-6E83-4CFE-844F-D177656F4F42}.Debug|x86.ActiveCfg = Debug|Any CPU
		{FC2EC9FB-6E83-4CFE-844F-D177656F4F42}.Debug|x86.Build.0 = Debug|Any CPU
		{FC2EC9FB-6E83-4CFE-844F-D177656F4F42}.Release|Any CPU.ActiveCfg = Release|Any CPU
		{FC2EC9FB-6E83-4CFE-844F-D177656F4F42}.Release|Any CPU.Build.0 = Release|Any CPU
		{FC2EC9FB-6E83-4CFE-844F-D177656F4F42}.Release|x64.ActiveCfg = Release|Any CPU
		{FC2EC9FB-6E83-4CFE-844F-D177656F4F42}.Release|x64.Build.0 = Release|Any CPU
		{FC2EC9FB-6E83-4CFE-844F-D177656F4F42}.Release|x86.ActiveCfg = Release|Any CPU
		{FC2EC9FB-6E83-4CFE-844F-D177656F4F42}.Release|x86.Build.0 = Release|Any CPU
	EndGlobalSection
	GlobalSection(SolutionProperties) = preSolution
		HideSolutionNode = FALSE
	EndGlobalSection
	GlobalSection(NestedProjects) = preSolution
		{6599E35F-D9F7-42D6-BB99-0D1087F21692} = {66320409-64EC-F7C5-3DEF-65E7510DAAD1}
		{78BEF40E-EB19-4DB4-BBC0-A84B8C67FCD3} = {827E0CD3-B72D-47B6-A68D-7590B98EB39B}
		{B259DF6B-0122-47F2-9608-58DAF5137C9D} = {827E0CD3-B72D-47B6-A68D-7590B98EB39B}
		{107FF370-3A9D-4029-84B2-CF77C744DBEF} = {827E0CD3-B72D-47B6-A68D-7590B98EB39B}
		{C6EBF21A-F9F2-4921-BB51-4722F12C5679} = {0AB3BF05-4346-4AA6-1389-037BE0695223}
		{75660EAA-5715-489D-904C-0F08B102BA20} = {0AB3BF05-4346-4AA6-1389-037BE0695223}
		{ACDEE031-DBC1-4804-A417-CDC996197C5D} = {0AB3BF05-4346-4AA6-1389-037BE0695223}
		{2B0B9D5C-6B45-4685-9DEE-2FDED69950F4} = {0AB3BF05-4346-4AA6-1389-037BE0695223}
		{9B1D59DB-5F03-4CD3-925C-F088D8E2D0BC} = {5D20AA90-6969-D8BD-9DCD-8634F4692FDA}
		{68D96BC8-B9BC-4C3F-8A56-AAA372515421} = {0AB3BF05-4346-4AA6-1389-037BE0695223}
		{888D1BAD-6A01-4088-A8D2-4B389C96F3C0} = {827E0CD3-B72D-47B6-A68D-7590B98EB39B}
		{FC2EC9FB-6E83-4CFE-844F-D177656F4F42} = {0AB3BF05-4346-4AA6-1389-037BE0695223}
	EndGlobalSection
EndGlobal
