
Microsoft Visual Studio Solution File, Format Version 12.00
Project("{FAE04EC0-301F-11D3-BF4B-00C04F79EFBC}") = "ArxisStudio.Markup.Generator", "ArxisStudio.Markup.Generator\ArxisStudio.Markup.Generator.csproj", "{DDDC0AE2-E50F-47A4-B216-C5EB6997853E}"
EndProject
Project("{FAE04EC0-301F-11D3-BF4B-00C04F79EFBC}") = "ArxisStudio.Markup", "ArxisStudio.Markup\ArxisStudio.Markup.csproj", "{11F9C32B-D62F-4BF0-BD57-8874B8A45E5C}"
EndProject
Project("{FAE04EC0-301F-11D3-BF4B-00C04F79EFBC}") = "ArxisStudio.Markup.Json", "ArxisStudio.Markup.Json\ArxisStudio.Markup.Json.csproj", "{E2EB8B80-9D1B-4A9D-8F8E-5D1793D1A3A1}"
EndProject
Project("{FAE04EC0-301F-11D3-BF4B-00C04F79EFBC}") = "ArxisStudio.Markup.Json.Loader", "ArxisStudio.Markup.Json.Loader\ArxisStudio.Markup.Json.Loader.csproj", "{F6F9C6B4-12D4-4D2F-B860-CC112A1B9F28}"
EndProject
Project("{FAE04EC0-301F-11D3-BF4B-00C04F79EFBC}") = "ArxisStudio.Markup.Sample", "ArxisStudio.Sample\ArxisStudio.Markup.Sample.csproj", "{70C07031-4786-457E-8C60-ACAC3A5D1FF6}"
EndProject
Project("{FAE04EC0-301F-11D3-BF4B-00C04F79EFBC}") = "ArxisStudio.Markup.Generator.Tests", "ArxisStudio.Tests\ArxisStudio.Markup.Generator.Tests.csproj", "{CD5B3C4E-8482-45F8-8A6D-24D45A07AB65}"
EndProject
Project("{FAE04EC0-301F-11D3-BF4B-00C04F79EFBC}") = "ArxisStudio.Markup.Template", "ArxisStudio.Template\ArxisStudio.Markup.Template.csproj", "{8A6B5D0E-0E19-4F42-84C9-B06B98F508A5}"
EndProject
Project("{FAE04EC0-301F-11D3-BF4B-00C04F79EFBC}") = "ArxisStudio.Markup.Metadata", "ArxisStudio.Markup.Metadata\ArxisStudio.Markup.Metadata.csproj", "{104A4C40-C7BF-43A3-9A5E-2CE648DD1A57}"
EndProject
Project("{FAE04EC0-301F-11D3-BF4B-00C04F79EFBC}") = "ArxisStudio.Markup.Metadata.Json", "ArxisStudio.Markup.Metadata.Json\ArxisStudio.Markup.Metadata.Json.csproj", "{61604F32-BE50-4F42-9F28-0726C372E72E}"
EndProject
Project("{2150E333-8FDC-42A3-9474-1A3956D46DE8}") = "submodules", "submodules", "{B3415621-5EBA-1A55-0B57-0078FEC59DC7}"
EndProject
Project("{2150E333-8FDC-42A3-9474-1A3956D46DE8}") = "ArxisStudio.DesignEditor", "ArxisStudio.DesignEditor", "{2095562A-1DAF-C714-C32F-93CA53EA807C}"
EndProject
Project("{2150E333-8FDC-42A3-9474-1A3956D46DE8}") = "src", "src", "{5D58153D-D1F7-7F3D-838C-A17AC45CCC65}"
EndProject
Project("{FAE04EC0-301F-11D3-BF4B-00C04F79EFBC}") = "ArxisStudio.DesignEditor", "submodules\ArxisStudio.DesignEditor\src\ArxisStudio.DesignEditor.csproj", "{1AFE81DA-13B1-4088-82ED-61DB53433842}"
EndProject
Global
	GlobalSection(SolutionConfigurationPlatforms) = preSolution
		Debug|Any CPU = Debug|Any CPU
		Debug|x64 = Debug|x64
		Debug|x86 = Debug|x86
		Release|Any CPU = Release|Any CPU
		Release|x64 = Release|x64
		Release|x86 = Release|x86
	EndGlobalSection
	GlobalSection(ProjectConfigurationPlatforms) = postSolution
		{DDDC0AE2-E50F-47A4-B216-C5EB6997853E}.Debug|Any CPU.ActiveCfg = Debug|Any CPU
		{DDDC0AE2-E50F-47A4-B216-C5EB6997853E}.Debug|Any CPU.Build.0 = Debug|Any CPU
		{DDDC0AE2-E50F-47A4-B216-C5EB6997853E}.Debug|x64.ActiveCfg = Debug|Any CPU
		{DDDC0AE2-E50F-47A4-B216-C5EB6997853E}.Debug|x64.Build.0 = Debug|Any CPU
		{DDDC0AE2-E50F-47A4-B216-C5EB6997853E}.Debug|x86.ActiveCfg = Debug|Any CPU
		{DDDC0AE2-E50F-47A4-B216-C5EB6997853E}.Debug|x86.Build.0 = Debug|Any CPU
		{DDDC0AE2-E50F-47A4-B216-C5EB6997853E}.Release|Any CPU.ActiveCfg = Release|Any CPU
		{DDDC0AE2-E50F-47A4-B216-C5EB6997853E}.Release|Any CPU.Build.0 = Release|Any CPU
		{DDDC0AE2-E50F-47A4-B216-C5EB6997853E}.Release|x64.ActiveCfg = Release|Any CPU
		{DDDC0AE2-E50F-47A4-B216-C5EB6997853E}.Release|x64.Build.0 = Release|Any CPU
		{DDDC0AE2-E50F-47A4-B216-C5EB6997853E}.Release|x86.ActiveCfg = Release|Any CPU
		{DDDC0AE2-E50F-47A4-B216-C5EB6997853E}.Release|x86.Build.0 = Release|Any CPU
		{11F9C32B-D62F-4BF0-BD57-8874B8A45E5C}.Debug|Any CPU.ActiveCfg = Debug|Any CPU
		{11F9C32B-D62F-4BF0-BD57-8874B8A45E5C}.Debug|Any CPU.Build.0 = Debug|Any CPU
		{11F9C32B-D62F-4BF0-BD57-8874B8A45E5C}.Debug|x64.ActiveCfg = Debug|Any CPU
		{11F9C32B-D62F-4BF0-BD57-8874B8A45E5C}.Debug|x64.Build.0 = Debug|Any CPU
		{11F9C32B-D62F-4BF0-BD57-8874B8A45E5C}.Debug|x86.ActiveCfg = Debug|Any CPU
		{11F9C32B-D62F-4BF0-BD57-8874B8A45E5C}.Debug|x86.Build.0 = Debug|Any CPU
		{11F9C32B-D62F-4BF0-BD57-8874B8A45E5C}.Release|Any CPU.ActiveCfg = Release|Any CPU
		{11F9C32B-D62F-4BF0-BD57-8874B8A45E5C}.Release|Any CPU.Build.0 = Release|Any CPU
		{11F9C32B-D62F-4BF0-BD57-8874B8A45E5C}.Release|x64.ActiveCfg = Release|Any CPU
		{11F9C32B-D62F-4BF0-BD57-8874B8A45E5C}.Release|x64.Build.0 = Release|Any CPU
		{11F9C32B-D62F-4BF0-BD57-8874B8A45E5C}.Release|x86.ActiveCfg = Release|Any CPU
		{11F9C32B-D62F-4BF0-BD57-8874B8A45E5C}.Release|x86.Build.0 = Release|Any CPU
		{E2EB8B80-9D1B-4A9D-8F8E-5D1793D1A3A1}.Debug|Any CPU.ActiveCfg = Debug|Any CPU
		{E2EB8B80-9D1B-4A9D-8F8E-5D1793D1A3A1}.Debug|Any CPU.Build.0 = Debug|Any CPU
		{E2EB8B80-9D1B-4A9D-8F8E-5D1793D1A3A1}.Debug|x64.ActiveCfg = Debug|Any CPU
		{E2EB8B80-9D1B-4A9D-8F8E-5D1793D1A3A1}.Debug|x64.Build.0 = Debug|Any CPU
		{E2EB8B80-9D1B-4A9D-8F8E-5D1793D1A3A1}.Debug|x86.ActiveCfg = Debug|Any CPU
		{E2EB8B80-9D1B-4A9D-8F8E-5D1793D1A3A1}.Debug|x86.Build.0 = Debug|Any CPU
		{E2EB8B80-9D1B-4A9D-8F8E-5D1793D1A3A1}.Release|Any CPU.ActiveCfg = Release|Any CPU
		{E2EB8B80-9D1B-4A9D-8F8E-5D1793D1A3A1}.Release|Any CPU.Build.0 = Release|Any CPU
		{E2EB8B80-9D1B-4A9D-8F8E-5D1793D1A3A1}.Release|x64.ActiveCfg = Release|Any CPU
		{E2EB8B80-9D1B-4A9D-8F8E-5D1793D1A3A1}.Release|x64.Build.0 = Release|Any CPU
		{E2EB8B80-9D1B-4A9D-8F8E-5D1793D1A3A1}.Release|x86.ActiveCfg = Release|Any CPU
		{E2EB8B80-9D1B-4A9D-8F8E-5D1793D1A3A1}.Release|x86.Build.0 = Release|Any CPU
		{F6F9C6B4-12D4-4D2F-B860-CC112A1B9F28}.Debug|Any CPU.ActiveCfg = Debug|Any CPU
		{F6F9C6B4-12D4-4D2F-B860-CC112A1B9F28}.Debug|Any CPU.Build.0 = Debug|Any CPU
		{F6F9C6B4-12D4-4D2F-B860-CC112A1B9F28}.Debug|x64.ActiveCfg = Debug|Any CPU
		{F6F9C6B4-12D4-4D2F-B860-CC112A1B9F28}.Debug|x64.Build.0 = Debug|Any CPU
		{F6F9C6B4-12D4-4D2F-B860-CC112A1B9F28}.Debug|x86.ActiveCfg = Debug|Any CPU
		{F6F9C6B4-12D4-4D2F-B860-CC112A1B9F28}.Debug|x86.Build.0 = Debug|Any CPU
		{F6F9C6B4-12D4-4D2F-B860-CC112A1B9F28}.Release|Any CPU.ActiveCfg = Release|Any CPU
		{F6F9C6B4-12D4-4D2F-B860-CC112A1B9F28}.Release|Any CPU.Build.0 = Release|Any CPU
		{F6F9C6B4-12D4-4D2F-B860-CC112A1B9F28}.Release|x64.ActiveCfg = Release|Any CPU
		{F6F9C6B4-12D4-4D2F-B860-CC112A1B9F28}.Release|x64.Build.0 = Release|Any CPU
		{F6F9C6B4-12D4-4D2F-B860-CC112A1B9F28}.Release|x86.ActiveCfg = Release|Any CPU
		{F6F9C6B4-12D4-4D2F-B860-CC112A1B9F28}.Release|x86.Build.0 = Release|Any CPU
		{70C07031-4786-457E-8C60-ACAC3A5D1FF6}.Debug|Any CPU.ActiveCfg = Debug|Any CPU
		{70C07031-4786-457E-8C60-ACAC3A5D1FF6}.Debug|Any CPU.Build.0 = Debug|Any CPU
		{70C07031-4786-457E-8C60-ACAC3A5D1FF6}.Debug|x64.ActiveCfg = Debug|Any CPU
		{70C07031-4786-457E-8C60-ACAC3A5D1FF6}.Debug|x64.Build.0 = Debug|Any CPU
		{70C07031-4786-457E-8C60-ACAC3A5D1FF6}.Debug|x86.ActiveCfg = Debug|Any CPU
		{70C07031-4786-457E-8C60-ACAC3A5D1FF6}.Debug|x86.Build.0 = Debug|Any CPU
		{70C07031-4786-457E-8C60-ACAC3A5D1FF6}.Release|Any CPU.ActiveCfg = Release|Any CPU
		{70C07031-4786-457E-8C60-ACAC3A5D1FF6}.Release|Any CPU.Build.0 = Release|Any CPU
		{70C07031-4786-457E-8C60-ACAC3A5D1FF6}.Release|x64.ActiveCfg = Release|Any CPU
		{70C07031-4786-457E-8C60-ACAC3A5D1FF6}.Release|x64.Build.0 = Release|Any CPU
		{70C07031-4786-457E-8C60-ACAC3A5D1FF6}.Release|x86.ActiveCfg = Release|Any CPU
		{70C07031-4786-457E-8C60-ACAC3A5D1FF6}.Release|x86.Build.0 = Release|Any CPU
		{CD5B3C4E-8482-45F8-8A6D-24D45A07AB65}.Debug|Any CPU.ActiveCfg = Debug|Any CPU
		{CD5B3C4E-8482-45F8-8A6D-24D45A07AB65}.Debug|Any CPU.Build.0 = Debug|Any CPU
		{CD5B3C4E-8482-45F8-8A6D-24D45A07AB65}.Debug|x64.ActiveCfg = Debug|Any CPU
		{CD5B3C4E-8482-45F8-8A6D-24D45A07AB65}.Debug|x64.Build.0 = Debug|Any CPU
		{CD5B3C4E-8482-45F8-8A6D-24D45A07AB65}.Debug|x86.ActiveCfg = Debug|Any CPU
		{CD5B3C4E-8482-45F8-8A6D-24D45A07AB65}.Debug|x86.Build.0 = Debug|Any CPU
		{CD5B3C4E-8482-45F8-8A6D-24D45A07AB65}.Release|Any CPU.ActiveCfg = Release|Any CPU
		{CD5B3C4E-8482-45F8-8A6D-24D45A07AB65}.Release|Any CPU.Build.0 = Release|Any CPU
		{CD5B3C4E-8482-45F8-8A6D-24D45A07AB65}.Release|x64.ActiveCfg = Release|Any CPU
		{CD5B3C4E-8482-45F8-8A6D-24D45A07AB65}.Release|x64.Build.0 = Release|Any CPU
		{CD5B3C4E-8482-45F8-8A6D-24D45A07AB65}.Release|x86.ActiveCfg = Release|Any CPU
		{CD5B3C4E-8482-45F8-8A6D-24D45A07AB65}.Release|x86.Build.0 = Release|Any CPU
		{8A6B5D0E-0E19-4F42-84C9-B06B98F508A5}.Debug|Any CPU.ActiveCfg = Debug|Any CPU
		{8A6B5D0E-0E19-4F42-84C9-B06B98F508A5}.Debug|Any CPU.Build.0 = Debug|Any CPU
		{8A6B5D0E-0E19-4F42-84C9-B06B98F508A5}.Debug|x64.ActiveCfg = Debug|Any CPU
		{8A6B5D0E-0E19-4F42-84C9-B06B98F508A5}.Debug|x64.Build.0 = Debug|Any CPU
		{8A6B5D0E-0E19-4F42-84C9-B06B98F508A5}.Debug|x86.ActiveCfg = Debug|Any CPU
		{8A6B5D0E-0E19-4F42-84C9-B06B98F508A5}.Debug|x86.Build.0 = Debug|Any CPU
		{8A6B5D0E-0E19-4F42-84C9-B06B98F508A5}.Release|Any CPU.ActiveCfg = Release|Any CPU
		{8A6B5D0E-0E19-4F42-84C9-B06B98F508A5}.Release|Any CPU.Build.0 = Release|Any CPU
		{8A6B5D0E-0E19-4F42-84C9-B06B98F508A5}.Release|x64.ActiveCfg = Release|Any CPU
		{8A6B5D0E-0E19-4F42-84C9-B06B98F508A5}.Release|x64.Build.0 = Release|Any CPU
		{8A6B5D0E-0E19-4F42-84C9-B06B98F508A5}.Release|x86.ActiveCfg = Release|Any CPU
		{8A6B5D0E-0E19-4F42-84C9-B06B98F508A5}.Release|x86.Build.0 = Release|Any CPU
		{104A4C40-C7BF-43A3-9A5E-2CE648DD1A57}.Debug|Any CPU.ActiveCfg = Debug|Any CPU
		{104A4C40-C7BF-43A3-9A5E-2CE648DD1A57}.Debug|Any CPU.Build.0 = Debug|Any CPU
		{104A4C40-C7BF-43A3-9A5E-2CE648DD1A57}.Debug|x64.ActiveCfg = Debug|Any CPU
		{104A4C40-C7BF-43A3-9A5E-2CE648DD1A57}.Debug|x64.Build.0 = Debug|Any CPU
		{104A4C40-C7BF-43A3-9A5E-2CE648DD1A57}.Debug|x86.ActiveCfg = Debug|Any CPU
		{104A4C40-C7BF-43A3-9A5E-2CE648DD1A57}.Debug|x86.Build.0 = Debug|Any CPU
		{104A4C40-C7BF-43A3-9A5E-2CE648DD1A57}.Release|Any CPU.ActiveCfg = Release|Any CPU
		{104A4C40-C7BF-43A3-9A5E-2CE648DD1A57}.Release|Any CPU.Build.0 = Release|Any CPU
		{104A4C40-C7BF-43A3-9A5E-2CE648DD1A57}.Release|x64.ActiveCfg = Release|Any CPU
		{104A4C40-C7BF-43A3-9A5E-2CE648DD1A57}.Release|x64.Build.0 = Release|Any CPU
		{104A4C40-C7BF-43A3-9A5E-2CE648DD1A57}.Release|x86.ActiveCfg = Release|Any CPU
		{104A4C40-C7BF-43A3-9A5E-2CE648DD1A57}.Release|x86.Build.0 = Release|Any CPU
		{61604F32-BE50-4F42-9F28-0726C372E72E}.Debug|Any CPU.ActiveCfg = Debug|Any CPU
		{61604F32-BE50-4F42-9F28-0726C372E72E}.Debug|Any CPU.Build.0 = Debug|Any CPU
		{61604F32-BE50-4F42-9F28-0726C372E72E}.Debug|x64.ActiveCfg = Debug|Any CPU
		{61604F32-BE50-4F42-9F28-0726C372E72E}.Debug|x64.Build.0 = Debug|Any CPU
		{61604F32-BE50-4F42-9F28-0726C372E72E}.Debug|x86.ActiveCfg = Debug|Any CPU
		{61604F32-BE50-4F42-9F28-0726C372E72E}.Debug|x86.Build.0 = Debug|Any CPU
		{61604F32-BE50-4F42-9F28-0726C372E72E}.Release|Any CPU.ActiveCfg = Release|Any CPU
		{61604F32-BE50-4F42-9F28-0726C372E72E}.Release|Any CPU.Build.0 = Release|Any CPU
		{61604F32-BE50-4F42-9F28-0726C372E72E}.Release|x64.ActiveCfg = Release|Any CPU
		{61604F32-BE50-4F42-9F28-0726C372E72E}.Release|x64.Build.0 = Release|Any CPU
		{61604F32-BE50-4F42-9F28-0726C372E72E}.Release|x86.ActiveCfg = Release|Any CPU
		{61604F32-BE50-4F42-9F28-0726C372E72E}.Release|x86.Build.0 = Release|Any CPU
		{1AFE81DA-13B1-4088-82ED-61DB53433842}.Debug|Any CPU.ActiveCfg = Debug|Any CPU
		{1AFE81DA-13B1-4088-82ED-61DB53433842}.Debug|Any CPU.Build.0 = Debug|Any CPU
		{1AFE81DA-13B1-4088-82ED-61DB53433842}.Debug|x64.ActiveCfg = Debug|Any CPU
		{1AFE81DA-13B1-4088-82ED-61DB53433842}.Debug|x64.Build.0 = Debug|Any CPU
		{1AFE81DA-13B1-4088-82ED-61DB53433842}.Debug|x86.ActiveCfg = Debug|Any CPU
		{1AFE81DA-13B1-4088-82ED-61DB53433842}.Debug|x86.Build.0 = Debug|Any CPU
		{1AFE81DA-13B1-4088-82ED-61DB53433842}.Release|Any CPU.ActiveCfg = Release|Any CPU
		{1AFE81DA-13B1-4088-82ED-61DB53433842}.Release|Any CPU.Build.0 = Release|Any CPU
		{1AFE81DA-13B1-4088-82ED-61DB53433842}.Release|x64.ActiveCfg = Release|Any CPU
		{1AFE81DA-13B1-4088-82ED-61DB53433842}.Release|x64.Build.0 = Release|Any CPU
		{1AFE81DA-13B1-4088-82ED-61DB53433842}.Release|x86.ActiveCfg = Release|Any CPU
		{1AFE81DA-13B1-4088-82ED-61DB53433842}.Release|x86.Build.0 = Release|Any CPU
	EndGlobalSection
	GlobalSection(SolutionProperties) = preSolution
		HideSolutionNode = FALSE
	EndGlobalSection
	GlobalSection(NestedProjects) = preSolution
		{2095562A-1DAF-C714-C32F-93CA53EA807C} = {B3415621-5EBA-1A55-0B57-0078FEC59DC7}
		{5D58153D-D1F7-7F3D-838C-A17AC45CCC65} = {2095562A-1DAF-C714-C32F-93CA53EA807C}
		{1AFE81DA-13B1-4088-82ED-61DB53433842} = {5D58153D-D1F7-7F3D-838C-A17AC45CCC65}
	EndGlobalSection
EndGlobal
